
Microsoft Visual Studio Solution File, Format Version 12.00
# Visual Studio Version 16
VisualStudioVersion = 16.0.33328.57
MinimumVisualStudioVersion = 10.0.40219.1
Project("{FAE04EC0-301F-11D3-BF4B-00C04F79EFBC}") = "DenzilApp", "DenzilApp.csproj", "{56C21C9D-BFE5-48F1-9DD1-47A6BA2337F7}"
EndProject
Global
	GlobalSection(SolutionConfigurationPlatforms) = preSolution
		Debug|Any CPU = Debug|Any CPU
		Release|Any CPU = Release|Any CPU
	EndGlobalSection
	GlobalSection(ProjectConfigurationPlatforms) = postSolution
		{56C21C9D-BFE5-48F1-9DD1-47A6BA2337F7}.Debug|Any CPU.ActiveCfg = Debug|Any CPU
		{56C21C9D-BFE5-48F1-9DD1-47A6BA2337F7}.Debug|Any CPU.Build.0 = Debug|Any CPU
		{56C21C9D-BFE5-48F1-9DD1-47A6BA2337F7}.Release|Any CPU.ActiveCfg = Release|Any CPU
		{56C21C9D-BFE5-48F1-9DD1-47A6BA2337F7}.Release|Any CPU.Build.0 = Release|Any CPU
	EndGlobalSection
	GlobalSection(SolutionProperties) = preSolution
		HideSolutionNode = FALSE
	EndGlobalSection
	GlobalSection(ExtensibilityGlobals) = postSolution
		SolutionGuid = {8CEB1C84-64C0-424A-9858-5D04AC7FBC99}
	EndGlobalSection
EndGlobal
